{
  "name": "bounswe2022group2",
  "lockfileVersion": 2,
  "requires": true,
  "packages": {
    "": {
      "dependencies": {
        "google-maps-react": "^2.0.6"
      }
    },
    "node_modules/google-maps-react": {
      "version": "2.0.6",
      "resolved": "https://registry.npmjs.org/google-maps-react/-/google-maps-react-2.0.6.tgz",
      "integrity": "sha512-M8Eo9WndfQEfxcmm6yRq03qdJgw1x6rQmJ9DN+a+xPQ3K7yNDGkVDbinrf4/8vcox7nELbeopbm4bpefKewWfQ==",
      "peerDependencies": {
        "react": "~0.14.8 || ^15.0.0 || ^16.0.0",
        "react-dom": "~0.14.8 || ^15.0.0 || ^16.0.0"
      }
    }
  },
  "dependencies": {
    "google-maps-react": {
      "version": "2.0.6",
      "resolved": "https://registry.npmjs.org/google-maps-react/-/google-maps-react-2.0.6.tgz",
      "integrity": "sha512-M8Eo9WndfQEfxcmm6yRq03qdJgw1x6rQmJ9DN+a+xPQ3K7yNDGkVDbinrf4/8vcox7nELbeopbm4bpefKewWfQ=="
    }
  }
}
